
Microsoft Visual Studio Solution File, Format Version 12.00
# Visual Studio Version 17
VisualStudioVersion = 17.13.35913.81 d17.13
MinimumVisualStudioVersion = 10.0.40219.1
Project("{FAE04EC0-301F-11D3-BF4B-00C04F79EFBC}") = "mblazor", "mblazor\mblazor\mblazor.csproj", "{8745B9A9-CCA9-404C-965F-4A4D5193F885}"
EndProject
Project("{FAE04EC0-301F-11D3-BF4B-00C04F79EFBC}") = "mblazor.Client", "mblazor\mblazor.Client\mblazor.Client.csproj", "{3F58F283-701A-48F2-8D56-C6CF6889BF59}"
EndProject
Project("{FAE04EC0-301F-11D3-BF4B-00C04F79EFBC}") = "shared", "shared\shared.csproj", "{D9D8AD94-59A0-4C8E-B3B2-5AA30D767579}"
EndProject
Global
	GlobalSection(SolutionConfigurationPlatforms) = preSolution
		Debug|Any CPU = Debug|Any CPU
		Release|Any CPU = Release|Any CPU
	EndGlobalSection
	GlobalSection(ProjectConfigurationPlatforms) = postSolution
		{8745B9A9-CCA9-404C-965F-4A4D5193F885}.Debug|Any CPU.ActiveCfg = Debug|Any CPU
		{8745B9A9-CCA9-404C-965F-4A4D5193F885}.Debug|Any CPU.Build.0 = Debug|Any CPU
		{8745B9A9-CCA9-404C-965F-4A4D5193F885}.Release|Any CPU.ActiveCfg = Release|Any CPU
		{8745B9A9-CCA9-404C-965F-4A4D5193F885}.Release|Any CPU.Build.0 = Release|Any CPU
		{3F58F283-701A-48F2-8D56-C6CF6889BF59}.Debug|Any CPU.ActiveCfg = Debug|Any CPU
		{3F58F283-701A-48F2-8D56-C6CF6889BF59}.Debug|Any CPU.Build.0 = Debug|Any CPU
		{3F58F283-701A-48F2-8D56-C6CF6889BF59}.Release|Any CPU.ActiveCfg = Release|Any CPU
		{3F58F283-701A-48F2-8D56-C6CF6889BF59}.Release|Any CPU.Build.0 = Release|Any CPU
		{D9D8AD94-59A0-4C8E-B3B2-5AA30D767579}.Debug|Any CPU.ActiveCfg = Debug|Any CPU
		{D9D8AD94-59A0-4C8E-B3B2-5AA30D767579}.Debug|Any CPU.Build.0 = Debug|Any CPU
		{D9D8AD94-59A0-4C8E-B3B2-5AA30D767579}.Release|Any CPU.ActiveCfg = Release|Any CPU
		{D9D8AD94-59A0-4C8E-B3B2-5AA30D767579}.Release|Any CPU.Build.0 = Release|Any CPU
	EndGlobalSection
	GlobalSection(SolutionProperties) = preSolution
		HideSolutionNode = FALSE
	EndGlobalSection
	GlobalSection(ExtensibilityGlobals) = postSolution
		SolutionGuid = {1D591E34-4F30-46EA-B9A5-1561B402FA49}
	EndGlobalSection
EndGlobal
